// !$*UTF8*$!
{
	archiveVersion = 1;
	classes = {
	};
	objectVersion = 48;
	objects = {

/* Begin PBXBuildFile section */
		422B00502070FEEA0048D472 /* RecipeTimelineViewController.swift in Sources */ = {isa = PBXBuildFile; fileRef = 422B004F2070FEEA0048D472 /* RecipeTimelineViewController.swift */; };
		422B0052207107630048D472 /* RecipeCollectionViewCell.swift in Sources */ = {isa = PBXBuildFile; fileRef = 422B0051207107630048D472 /* RecipeCollectionViewCell.swift */; };
		422B0054207108660048D472 /* RecipeThumb.swift in Sources */ = {isa = PBXBuildFile; fileRef = 422B0053207108660048D472 /* RecipeThumb.swift */; };
		422B0056207117E40048D472 /* ModalViewController.swift in Sources */ = {isa = PBXBuildFile; fileRef = 422B0055207117E40048D472 /* ModalViewController.swift */; };
		425BE9612064016900E49995 /* VerificationViewController.swift in Sources */ = {isa = PBXBuildFile; fileRef = 425BE9602064016900E49995 /* VerificationViewController.swift */; };
		42639F7F2067C05400D235F1 /* CountrySelectionViewController.swift in Sources */ = {isa = PBXBuildFile; fileRef = 42639F7E2067C05400D235F1 /* CountrySelectionViewController.swift */; };
		42639F812067CC1400D235F1 /* CountryListCell.swift in Sources */ = {isa = PBXBuildFile; fileRef = 42639F802067CC1400D235F1 /* CountryListCell.swift */; };
		42639F832067EB9900D235F1 /* SelectedCountryTableViewCell.swift in Sources */ = {isa = PBXBuildFile; fileRef = 42639F822067EB9900D235F1 /* SelectedCountryTableViewCell.swift */; };
		42639F852067EBAE00D235F1 /* PhoneNumberTableViewCell.swift in Sources */ = {isa = PBXBuildFile; fileRef = 42639F842067EBAE00D235F1 /* PhoneNumberTableViewCell.swift */; };
		42639F8B206831C800D235F1 /* CountryPhoneExtensions.plist in Resources */ = {isa = PBXBuildFile; fileRef = 42639F8A206831C700D235F1 /* CountryPhoneExtensions.plist */; };
		42639F8D20696FF300D235F1 /* PhonenumberVerificationViewController.swift in Sources */ = {isa = PBXBuildFile; fileRef = 42639F8C20696FF300D235F1 /* PhonenumberVerificationViewController.swift */; };
		42639F8F206B905200D235F1 /* PreferenceViewController.swift in Sources */ = {isa = PBXBuildFile; fileRef = 42639F8E206B905200D235F1 /* PreferenceViewController.swift */; };
		42F266FE2063CA96003296B5 /* AppDelegate.swift in Sources */ = {isa = PBXBuildFile; fileRef = 42F266FD2063CA96003296B5 /* AppDelegate.swift */; };
		42F267002063CA96003296B5 /* ViewController.swift in Sources */ = {isa = PBXBuildFile; fileRef = 42F266FF2063CA96003296B5 /* ViewController.swift */; };
		42F267032063CA96003296B5 /* Main.storyboard in Resources */ = {isa = PBXBuildFile; fileRef = 42F267012063CA96003296B5 /* Main.storyboard */; };
		42F267052063CA96003296B5 /* Assets.xcassets in Resources */ = {isa = PBXBuildFile; fileRef = 42F267042063CA96003296B5 /* Assets.xcassets */; };
		42F267082063CA96003296B5 /* LaunchScreen.storyboard in Resources */ = {isa = PBXBuildFile; fileRef = 42F267062063CA96003296B5 /* LaunchScreen.storyboard */; };
		42F3E26D206B9DEA00C28EE1 /* CollectionViewCell.swift in Sources */ = {isa = PBXBuildFile; fileRef = 42F3E26C206B9DEA00C28EE1 /* CollectionViewCell.swift */; };
		42F3E26F206BE73E00C28EE1 /* RecipePreference.swift in Sources */ = {isa = PBXBuildFile; fileRef = 42F3E26E206BE73E00C28EE1 /* RecipePreference.swift */; };
		66D2327B831429AE9AF9114D /* Pods_Edacious.framework in Frameworks */ = {isa = PBXBuildFile; fileRef = 3368E507381B0DE7D68F1265 /* Pods_Edacious.framework */; };
/* End PBXBuildFile section */

/* Begin PBXFileReference section */
		0D4E58A32A7CA926A47C7971 /* Pods-Edacious.debug.xcconfig */ = {isa = PBXFileReference; includeInIndex = 1; lastKnownFileType = text.xcconfig; name = "Pods-Edacious.debug.xcconfig"; path = "Pods/Target Support Files/Pods-Edacious/Pods-Edacious.debug.xcconfig"; sourceTree = "<group>"; };
		3368E507381B0DE7D68F1265 /* Pods_Edacious.framework */ = {isa = PBXFileReference; explicitFileType = wrapper.framework; includeInIndex = 0; path = Pods_Edacious.framework; sourceTree = BUILT_PRODUCTS_DIR; };
		422B004F2070FEEA0048D472 /* RecipeTimelineViewController.swift */ = {isa = PBXFileReference; lastKnownFileType = sourcecode.swift; path = RecipeTimelineViewController.swift; sourceTree = "<group>"; };
		422B0051207107630048D472 /* RecipeCollectionViewCell.swift */ = {isa = PBXFileReference; lastKnownFileType = sourcecode.swift; path = RecipeCollectionViewCell.swift; sourceTree = "<group>"; };
		422B0053207108660048D472 /* RecipeThumb.swift */ = {isa = PBXFileReference; lastKnownFileType = sourcecode.swift; path = RecipeThumb.swift; sourceTree = "<group>"; };
		422B0055207117E40048D472 /* ModalViewController.swift */ = {isa = PBXFileReference; lastKnownFileType = sourcecode.swift; path = ModalViewController.swift; sourceTree = "<group>"; };
		425BE9602064016900E49995 /* VerificationViewController.swift */ = {isa = PBXFileReference; lastKnownFileType = sourcecode.swift; path = VerificationViewController.swift; sourceTree = "<group>"; };
		42639F7E2067C05400D235F1 /* CountrySelectionViewController.swift */ = {isa = PBXFileReference; lastKnownFileType = sourcecode.swift; path = CountrySelectionViewController.swift; sourceTree = "<group>"; };
		42639F802067CC1400D235F1 /* CountryListCell.swift */ = {isa = PBXFileReference; lastKnownFileType = sourcecode.swift; path = CountryListCell.swift; sourceTree = "<group>"; };
		42639F822067EB9900D235F1 /* SelectedCountryTableViewCell.swift */ = {isa = PBXFileReference; lastKnownFileType = sourcecode.swift; path = SelectedCountryTableViewCell.swift; sourceTree = "<group>"; };
		42639F842067EBAE00D235F1 /* PhoneNumberTableViewCell.swift */ = {isa = PBXFileReference; lastKnownFileType = sourcecode.swift; path = PhoneNumberTableViewCell.swift; sourceTree = "<group>"; };
		42639F8A206831C700D235F1 /* CountryPhoneExtensions.plist */ = {isa = PBXFileReference; fileEncoding = 4; lastKnownFileType = text.plist.xml; path = CountryPhoneExtensions.plist; sourceTree = "<group>"; };
		42639F8C20696FF300D235F1 /* PhonenumberVerificationViewController.swift */ = {isa = PBXFileReference; lastKnownFileType = sourcecode.swift; path = PhonenumberVerificationViewController.swift; sourceTree = "<group>"; };
		42639F8E206B905200D235F1 /* PreferenceViewController.swift */ = {isa = PBXFileReference; lastKnownFileType = sourcecode.swift; path = PreferenceViewController.swift; sourceTree = "<group>"; };
		42F266FA2063CA96003296B5 /* Edacious.app */ = {isa = PBXFileReference; explicitFileType = wrapper.application; includeInIndex = 0; path = Edacious.app; sourceTree = BUILT_PRODUCTS_DIR; };
		42F266FD2063CA96003296B5 /* AppDelegate.swift */ = {isa = PBXFileReference; lastKnownFileType = sourcecode.swift; path = AppDelegate.swift; sourceTree = "<group>"; };
		42F266FF2063CA96003296B5 /* ViewController.swift */ = {isa = PBXFileReference; lastKnownFileType = sourcecode.swift; path = ViewController.swift; sourceTree = "<group>"; };
		42F267022063CA96003296B5 /* Base */ = {isa = PBXFileReference; lastKnownFileType = file.storyboard; name = Base; path = Base.lproj/Main.storyboard; sourceTree = "<group>"; };
		42F267042063CA96003296B5 /* Assets.xcassets */ = {isa = PBXFileReference; lastKnownFileType = folder.assetcatalog; path = Assets.xcassets; sourceTree = "<group>"; };
		42F267072063CA96003296B5 /* Base */ = {isa = PBXFileReference; lastKnownFileType = file.storyboard; name = Base; path = Base.lproj/LaunchScreen.storyboard; sourceTree = "<group>"; };
		42F267092063CA96003296B5 /* Info.plist */ = {isa = PBXFileReference; lastKnownFileType = text.plist.xml; path = Info.plist; sourceTree = "<group>"; };
		42F3E26C206B9DEA00C28EE1 /* CollectionViewCell.swift */ = {isa = PBXFileReference; lastKnownFileType = sourcecode.swift; path = CollectionViewCell.swift; sourceTree = "<group>"; };
		42F3E26E206BE73E00C28EE1 /* RecipePreference.swift */ = {isa = PBXFileReference; lastKnownFileType = sourcecode.swift; path = RecipePreference.swift; sourceTree = "<group>"; };
		9C43DD01FBA84FE6E23D6F88 /* Pods-Edacious.release.xcconfig */ = {isa = PBXFileReference; includeInIndex = 1; lastKnownFileType = text.xcconfig; name = "Pods-Edacious.release.xcconfig"; path = "Pods/Target Support Files/Pods-Edacious/Pods-Edacious.release.xcconfig"; sourceTree = "<group>"; };
/* End PBXFileReference section */

/* Begin PBXFrameworksBuildPhase section */
		42F266F72063CA96003296B5 /* Frameworks */ = {
			isa = PBXFrameworksBuildPhase;
			buildActionMask = 2147483647;
			files = (
				66D2327B831429AE9AF9114D /* Pods_Edacious.framework in Frameworks */,
			);
			runOnlyForDeploymentPostprocessing = 0;
		};
/* End PBXFrameworksBuildPhase section */

/* Begin PBXGroup section */
		42F266F12063CA96003296B5 = {
			isa = PBXGroup;
			children = (
				42F266FC2063CA96003296B5 /* Edacious */,
				42F266FB2063CA96003296B5 /* Products */,
				7CD98077475F4E92D3D0C239 /* Pods */,
				CB870B1D445CDEA83302F10A /* Frameworks */,
			);
			sourceTree = "<group>";
		};
		42F266FB2063CA96003296B5 /* Products */ = {
			isa = PBXGroup;
			children = (
				42F266FA2063CA96003296B5 /* Edacious.app */,
			);
			name = Products;
			sourceTree = "<group>";
		};
		42F266FC2063CA96003296B5 /* Edacious */ = {
			isa = PBXGroup;
			children = (
				42F266FD2063CA96003296B5 /* AppDelegate.swift */,
				42F266FF2063CA96003296B5 /* ViewController.swift */,
				425BE9602064016900E49995 /* VerificationViewController.swift */,
				42639F802067CC1400D235F1 /* CountryListCell.swift */,
				42639F7E2067C05400D235F1 /* CountrySelectionViewController.swift */,
				42F267012063CA96003296B5 /* Main.storyboard */,
				422B0055207117E40048D472 /* ModalViewController.swift */,
				422B0051207107630048D472 /* RecipeCollectionViewCell.swift */,
				422B0053207108660048D472 /* RecipeThumb.swift */,
				422B004F2070FEEA0048D472 /* RecipeTimelineViewController.swift */,
				42639F8E206B905200D235F1 /* PreferenceViewController.swift */,
				42639F8C20696FF300D235F1 /* PhonenumberVerificationViewController.swift */,
				42639F822067EB9900D235F1 /* SelectedCountryTableViewCell.swift */,
				42639F8A206831C700D235F1 /* CountryPhoneExtensions.plist */,
				42639F842067EBAE00D235F1 /* PhoneNumberTableViewCell.swift */,
				42F267042063CA96003296B5 /* Assets.xcassets */,
				42F267062063CA96003296B5 /* LaunchScreen.storyboard */,
				42F267092063CA96003296B5 /* Info.plist */,
				42F3E26C206B9DEA00C28EE1 /* CollectionViewCell.swift */,
				42F3E26E206BE73E00C28EE1 /* RecipePreference.swift */,
			);
			path = Edacious;
			sourceTree = "<group>";
		};
		7CD98077475F4E92D3D0C239 /* Pods */ = {
			isa = PBXGroup;
			children = (
				0D4E58A32A7CA926A47C7971 /* Pods-Edacious.debug.xcconfig */,
				9C43DD01FBA84FE6E23D6F88 /* Pods-Edacious.release.xcconfig */,
			);
			name = Pods;
			sourceTree = "<group>";
		};
		CB870B1D445CDEA83302F10A /* Frameworks */ = {
			isa = PBXGroup;
			children = (
				3368E507381B0DE7D68F1265 /* Pods_Edacious.framework */,
			);
			name = Frameworks;
			sourceTree = "<group>";
		};
/* End PBXGroup section */

/* Begin PBXNativeTarget section */
		42F266F92063CA96003296B5 /* Edacious */ = {
			isa = PBXNativeTarget;
			buildConfigurationList = 42F2670C2063CA96003296B5 /* Build configuration list for PBXNativeTarget "Edacious" */;
			buildPhases = (
				2EB3CC2C2D7A9DDAA3230449 /* [CP] Check Pods Manifest.lock */,
				42F266F62063CA96003296B5 /* Sources */,
				42F266F72063CA96003296B5 /* Frameworks */,
				42F266F82063CA96003296B5 /* Resources */,
				14B40A1D15EC60A4195527E2 /* [CP] Embed Pods Frameworks */,
				A67DF9FEDA3CA44591675833 /* [CP] Copy Pods Resources */,
			);
			buildRules = (
			);
			dependencies = (
			);
			name = Edacious;
			productName = Edacious;
			productReference = 42F266FA2063CA96003296B5 /* Edacious.app */;
			productType = "com.apple.product-type.application";
		};
/* End PBXNativeTarget section */

/* Begin PBXProject section */
		42F266F22063CA96003296B5 /* Project object */ = {
			isa = PBXProject;
			attributes = {
				LastSwiftUpdateCheck = 0920;
				LastUpgradeCheck = 0920;
				ORGANIZATIONNAME = "Ahmed Abodeif";
				TargetAttributes = {
					42F266F92063CA96003296B5 = {
						CreatedOnToolsVersion = 9.2;
						ProvisioningStyle = Automatic;
					};
				};
			};
			buildConfigurationList = 42F266F52063CA96003296B5 /* Build configuration list for PBXProject "Edacious" */;
			compatibilityVersion = "Xcode 8.0";
			developmentRegion = en;
			hasScannedForEncodings = 0;
			knownRegions = (
				en,
				Base,
			);
			mainGroup = 42F266F12063CA96003296B5;
			productRefGroup = 42F266FB2063CA96003296B5 /* Products */;
			projectDirPath = "";
			projectRoot = "";
			targets = (
				42F266F92063CA96003296B5 /* Edacious */,
			);
		};
/* End PBXProject section */

/* Begin PBXResourcesBuildPhase section */
		42F266F82063CA96003296B5 /* Resources */ = {
			isa = PBXResourcesBuildPhase;
			buildActionMask = 2147483647;
			files = (
				42F267082063CA96003296B5 /* LaunchScreen.storyboard in Resources */,
				42F267052063CA96003296B5 /* Assets.xcassets in Resources */,
				42639F8B206831C800D235F1 /* CountryPhoneExtensions.plist in Resources */,
				42F267032063CA96003296B5 /* Main.storyboard in Resources */,
			);
			runOnlyForDeploymentPostprocessing = 0;
		};
/* End PBXResourcesBuildPhase section */

/* Begin PBXShellScriptBuildPhase section */
		14B40A1D15EC60A4195527E2 /* [CP] Embed Pods Frameworks */ = {
			isa = PBXShellScriptBuildPhase;
			buildActionMask = 2147483647;
			files = (
			);
			inputPaths = (
				"${SRCROOT}/Pods/Target Support Files/Pods-Edacious/Pods-Edacious-frameworks.sh",
				"${BUILT_PRODUCTS_DIR}/ScalingCarousel/ScalingCarousel.framework",
				"${BUILT_PRODUCTS_DIR}/StepSlider/StepSlider.framework",
			);
			name = "[CP] Embed Pods Frameworks";
			outputPaths = (
				"${TARGET_BUILD_DIR}/${FRAMEWORKS_FOLDER_PATH}/ScalingCarousel.framework",
				"${TARGET_BUILD_DIR}/${FRAMEWORKS_FOLDER_PATH}/StepSlider.framework",
			);
			runOnlyForDeploymentPostprocessing = 0;
			shellPath = /bin/sh;
			shellScript = "\"${SRCROOT}/Pods/Target Support Files/Pods-Edacious/Pods-Edacious-frameworks.sh\"\n";
			showEnvVarsInLog = 0;
		};
		2EB3CC2C2D7A9DDAA3230449 /* [CP] Check Pods Manifest.lock */ = {
			isa = PBXShellScriptBuildPhase;
			buildActionMask = 2147483647;
			files = (
			);
			inputPaths = (
				"${PODS_PODFILE_DIR_PATH}/Podfile.lock",
				"${PODS_ROOT}/Manifest.lock",
			);
			name = "[CP] Check Pods Manifest.lock";
			outputPaths = (
				"$(DERIVED_FILE_DIR)/Pods-Edacious-checkManifestLockResult.txt",
			);
			runOnlyForDeploymentPostprocessing = 0;
			shellPath = /bin/sh;
			shellScript = "diff \"${PODS_PODFILE_DIR_PATH}/Podfile.lock\" \"${PODS_ROOT}/Manifest.lock\" > /dev/null\nif [ $? != 0 ] ; then\n    # print error to STDERR\n    echo \"error: The sandbox is not in sync with the Podfile.lock. Run 'pod install' or update your CocoaPods installation.\" >&2\n    exit 1\nfi\n# This output is used by Xcode 'outputs' to avoid re-running this script phase.\necho \"SUCCESS\" > \"${SCRIPT_OUTPUT_FILE_0}\"\n";
			showEnvVarsInLog = 0;
		};
		A67DF9FEDA3CA44591675833 /* [CP] Copy Pods Resources */ = {
			isa = PBXShellScriptBuildPhase;
			buildActionMask = 2147483647;
			files = (
			);
			inputPaths = (
			);
			name = "[CP] Copy Pods Resources";
			outputPaths = (
			);
			runOnlyForDeploymentPostprocessing = 0;
			shellPath = /bin/sh;
			shellScript = "\"${SRCROOT}/Pods/Target Support Files/Pods-Edacious/Pods-Edacious-resources.sh\"\n";
			showEnvVarsInLog = 0;
		};
/* End PBXShellScriptBuildPhase section */

/* Begin PBXSourcesBuildPhase section */
		42F266F62063CA96003296B5 /* Sources */ = {
			isa = PBXSourcesBuildPhase;
			buildActionMask = 2147483647;
			files = (
				422B0054207108660048D472 /* RecipeThumb.swift in Sources */,
				422B0056207117E40048D472 /* ModalViewController.swift in Sources */,
				42F3E26D206B9DEA00C28EE1 /* CollectionViewCell.swift in Sources */,
				42639F8F206B905200D235F1 /* PreferenceViewController.swift in Sources */,
				42639F7F2067C05400D235F1 /* CountrySelectionViewController.swift in Sources */,
				42639F812067CC1400D235F1 /* CountryListCell.swift in Sources */,
				425BE9612064016900E49995 /* VerificationViewController.swift in Sources */,
				42639F8D20696FF300D235F1 /* PhonenumberVerificationViewController.swift in Sources */,
				422B0052207107630048D472 /* RecipeCollectionViewCell.swift in Sources */,
				42F267002063CA96003296B5 /* ViewController.swift in Sources */,
				42F3E26F206BE73E00C28EE1 /* RecipePreference.swift in Sources */,
				42639F852067EBAE00D235F1 /* PhoneNumberTableViewCell.swift in Sources */,
				42F266FE2063CA96003296B5 /* AppDelegate.swift in Sources */,
				42639F832067EB9900D235F1 /* SelectedCountryTableViewCell.swift in Sources */,
				422B00502070FEEA0048D472 /* RecipeTimelineViewController.swift in Sources */,
			);
			runOnlyForDeploymentPostprocessing = 0;
		};
/* End PBXSourcesBuildPhase section */

/* Begin PBXVariantGroup section */
		42F267012063CA96003296B5 /* Main.storyboard */ = {
			isa = PBXVariantGroup;
			children = (
				42F267022063CA96003296B5 /* Base */,
			);
			name = Main.storyboard;
			sourceTree = "<group>";
		};
		42F267062063CA96003296B5 /* LaunchScreen.storyboard */ = {
			isa = PBXVariantGroup;
			children = (
				42F267072063CA96003296B5 /* Base */,
			);
			name = LaunchScreen.storyboard;
			sourceTree = "<group>";
		};
/* End PBXVariantGroup section */

/* Begin XCBuildConfiguration section */
		42F2670A2063CA96003296B5 /* Debug */ = {
			isa = XCBuildConfiguration;
			buildSettings = {
				ALWAYS_SEARCH_USER_PATHS = NO;
				CLANG_ANALYZER_NONNULL = YES;
				CLANG_ANALYZER_NUMBER_OBJECT_CONVERSION = YES_AGGRESSIVE;
				CLANG_CXX_LANGUAGE_STANDARD = "gnu++14";
				CLANG_CXX_LIBRARY = "libc++";
				CLANG_ENABLE_MODULES = YES;
				CLANG_ENABLE_OBJC_ARC = YES;
				CLANG_WARN_BLOCK_CAPTURE_AUTORELEASING = YES;
				CLANG_WARN_BOOL_CONVERSION = YES;
				CLANG_WARN_COMMA = YES;
				CLANG_WARN_CONSTANT_CONVERSION = YES;
				CLANG_WARN_DIRECT_OBJC_ISA_USAGE = YES_ERROR;
				CLANG_WARN_DOCUMENTATION_COMMENTS = YES;
				CLANG_WARN_EMPTY_BODY = YES;
				CLANG_WARN_ENUM_CONVERSION = YES;
				CLANG_WARN_INFINITE_RECURSION = YES;
				CLANG_WARN_INT_CONVERSION = YES;
				CLANG_WARN_NON_LITERAL_NULL_CONVERSION = YES;
				CLANG_WARN_OBJC_LITERAL_CONVERSION = YES;
				CLANG_WARN_OBJC_ROOT_CLASS = YES_ERROR;
				CLANG_WARN_RANGE_LOOP_ANALYSIS = YES;
				CLANG_WARN_STRICT_PROTOTYPES = YES;
				CLANG_WARN_SUSPICIOUS_MOVE = YES;
				CLANG_WARN_UNGUARDED_AVAILABILITY = YES_AGGRESSIVE;
				CLANG_WARN_UNREACHABLE_CODE = YES;
				CLANG_WARN__DUPLICATE_METHOD_MATCH = YES;
				CODE_SIGN_IDENTITY = "iPhone Developer";
				COPY_PHASE_STRIP = NO;
				DEBUG_INFORMATION_FORMAT = dwarf;
				ENABLE_STRICT_OBJC_MSGSEND = YES;
				ENABLE_TESTABILITY = YES;
				GCC_C_LANGUAGE_STANDARD = gnu11;
				GCC_DYNAMIC_NO_PIC = NO;
				GCC_NO_COMMON_BLOCKS = YES;
				GCC_OPTIMIZATION_LEVEL = 0;
				GCC_PREPROCESSOR_DEFINITIONS = (
					"DEBUG=1",
					"$(inherited)",
				);
				GCC_WARN_64_TO_32_BIT_CONVERSION = YES;
				GCC_WARN_ABOUT_RETURN_TYPE = YES_ERROR;
				GCC_WARN_UNDECLARED_SELECTOR = YES;
				GCC_WARN_UNINITIALIZED_AUTOS = YES_AGGRESSIVE;
				GCC_WARN_UNUSED_FUNCTION = YES;
				GCC_WARN_UNUSED_VARIABLE = YES;
				IPHONEOS_DEPLOYMENT_TARGET = 11.2;
				MTL_ENABLE_DEBUG_INFO = YES;
				ONLY_ACTIVE_ARCH = YES;
				SDKROOT = iphoneos;
				SWIFT_ACTIVE_COMPILATION_CONDITIONS = DEBUG;
				SWIFT_OPTIMIZATION_LEVEL = "-Onone";
			};
			name = Debug;
		};
		42F2670B2063CA96003296B5 /* Release */ = {
			isa = XCBuildConfiguration;
			buildSettings = {
				ALWAYS_SEARCH_USER_PATHS = NO;
				CLANG_ANALYZER_NONNULL = YES;
				CLANG_ANALYZER_NUMBER_OBJECT_CONVERSION = YES_AGGRESSIVE;
				CLANG_CXX_LANGUAGE_STANDARD = "gnu++14";
				CLANG_CXX_LIBRARY = "libc++";
				CLANG_ENABLE_MODULES = YES;
				CLANG_ENABLE_OBJC_ARC = YES;
				CLANG_WARN_BLOCK_CAPTURE_AUTORELEASING = YES;
				CLANG_WARN_BOOL_CONVERSION = YES;
				CLANG_WARN_COMMA = YES;
				CLANG_WARN_CONSTANT_CONVERSION = YES;
				CLANG_WARN_DIRECT_OBJC_ISA_USAGE = YES_ERROR;
				CLANG_WARN_DOCUMENTATION_COMMENTS = YES;
				CLANG_WARN_EMPTY_BODY = YES;
				CLANG_WARN_ENUM_CONVERSION = YES;
				CLANG_WARN_INFINITE_RECURSION = YES;
				CLANG_WARN_INT_CONVERSION = YES;
				CLANG_WARN_NON_LITERAL_NULL_CONVERSION = YES;
				CLANG_WARN_OBJC_LITERAL_CONVERSION = YES;
				CLANG_WARN_OBJC_ROOT_CLASS = YES_ERROR;
				CLANG_WARN_RANGE_LOOP_ANALYSIS = YES;
				CLANG_WARN_STRICT_PROTOTYPES = YES;
				CLANG_WARN_SUSPICIOUS_MOVE = YES;
				CLANG_WARN_UNGUARDED_AVAILABILITY = YES_AGGRESSIVE;
				CLANG_WARN_UNREACHABLE_CODE = YES;
				CLANG_WARN__DUPLICATE_METHOD_MATCH = YES;
				CODE_SIGN_IDENTITY = "iPhone Developer";
				COPY_PHASE_STRIP = NO;
				DEBUG_INFORMATION_FORMAT = "dwarf-with-dsym";
				ENABLE_NS_ASSERTIONS = NO;
				ENABLE_STRICT_OBJC_MSGSEND = YES;
				GCC_C_LANGUAGE_STANDARD = gnu11;
				GCC_NO_COMMON_BLOCKS = YES;
				GCC_WARN_64_TO_32_BIT_CONVERSION = YES;
				GCC_WARN_ABOUT_RETURN_TYPE = YES_ERROR;
				GCC_WARN_UNDECLARED_SELECTOR = YES;
				GCC_WARN_UNINITIALIZED_AUTOS = YES_AGGRESSIVE;
				GCC_WARN_UNUSED_FUNCTION = YES;
				GCC_WARN_UNUSED_VARIABLE = YES;
				IPHONEOS_DEPLOYMENT_TARGET = 11.2;
				MTL_ENABLE_DEBUG_INFO = NO;
				SDKROOT = iphoneos;
				SWIFT_OPTIMIZATION_LEVEL = "-Owholemodule";
				VALIDATE_PRODUCT = YES;
			};
			name = Release;
		};
		42F2670D2063CA96003296B5 /* Debug */ = {
			isa = XCBuildConfiguration;
			baseConfigurationReference = 0D4E58A32A7CA926A47C7971 /* Pods-Edacious.debug.xcconfig */;
			buildSettings = {
				ASSETCATALOG_COMPILER_APPICON_NAME = AppIcon;
				CODE_SIGN_STYLE = Automatic;
				DEVELOPMENT_TEAM = 3FNCL22L6F;
				INFOPLIST_FILE = Edacious/Info.plist;
				LD_RUNPATH_SEARCH_PATHS = "$(inherited) @executable_path/Frameworks";
				PRODUCT_BUNDLE_IDENTIFIER = Abodeif.Edacious;
				PRODUCT_NAME = "$(TARGET_NAME)";
				SWIFT_VERSION = 4.0;
				TARGETED_DEVICE_FAMILY = "1,2";
			};
			name = Debug;
		};
		42F2670E2063CA96003296B5 /* Release */ = {
			isa = XCBuildConfiguration;
			baseConfigurationReference = 9C43DD01FBA84FE6E23D6F88 /* Pods-Edacious.release.xcconfig */;
			buildSettings = {
				ASSETCATALOG_COMPILER_APPICON_NAME = AppIcon;
				CODE_SIGN_STYLE = Automatic;
				DEVELOPMENT_TEAM = 3FNCL22L6F;
				INFOPLIST_FILE = Edacious/Info.plist;
				LD_RUNPATH_SEARCH_PATHS = "$(inherited) @executable_path/Frameworks";
				PRODUCT_BUNDLE_IDENTIFIER = Abodeif.Edacious;
				PRODUCT_NAME = "$(TARGET_NAME)";
				SWIFT_VERSION = 4.0;
				TARGETED_DEVICE_FAMILY = "1,2";
			};
			name = Release;
		};
/* End XCBuildConfiguration section */

/* Begin XCConfigurationList section */
		42F266F52063CA96003296B5 /* Build configuration list for PBXProject "Edacious" */ = {
			isa = XCConfigurationList;
			buildConfigurations = (
				42F2670A2063CA96003296B5 /* Debug */,
				42F2670B2063CA96003296B5 /* Release */,
			);
			defaultConfigurationIsVisible = 0;
			defaultConfigurationName = Release;
		};
		42F2670C2063CA96003296B5 /* Build configuration list for PBXNativeTarget "Edacious" */ = {
			isa = XCConfigurationList;
			buildConfigurations = (
				42F2670D2063CA96003296B5 /* Debug */,
				42F2670E2063CA96003296B5 /* Release */,
			);
			defaultConfigurationIsVisible = 0;
			defaultConfigurationName = Release;
		};
/* End XCConfigurationList section */
	};
	rootObject = 42F266F22063CA96003296B5 /* Project object */;
}
